{
  "name": "threejs-udemy",
  "version": "1.0.0",
  "lockfileVersion": 2,
  "requires": true,
  "packages": {
    "": {
      "name": "threejs-udemy",
      "version": "1.0.0",
      "license": "ISC",
      "devDependencies": {
        "@types/three": "^0.130.0",
        "three": "^0.130.1"
      }
    },
    "node_modules/@types/three": {
      "version": "0.130.2",
      "resolved": "https://registry.npmjs.org/@types/three/-/three-0.130.2.tgz",
      "integrity": "sha512-9rgbc2KobttgyCbaizjxUa6lfmbXSUhjcdd3TKPiG6YIr0ZkUSUuRu0q5qA72sak3gxSGSZCjV+Zuzhl/+VRjA==",
      "dev": true
    },
    "node_modules/three": {
      "version": "0.130.1",
      "resolved": "https://registry.npmjs.org/three/-/three-0.130.1.tgz",
      "integrity": "sha512-OSPPKcGvFSiGkG3jFrwwC76PBV/ZSrGxpBbg28bW8s9GU8r/y2spNGtEXHEb/CVqo0Ctf5Lx2rVaxQZB6OasaA==",
      "dev": true
    }
  },
  "dependencies": {
    "@types/three": {
      "version": "0.130.2",
      "resolved": "https://registry.npmjs.org/@types/three/-/three-0.130.2.tgz",
      "integrity": "sha512-9rgbc2KobttgyCbaizjxUa6lfmbXSUhjcdd3TKPiG6YIr0ZkUSUuRu0q5qA72sak3gxSGSZCjV+Zuzhl/+VRjA==",
      "dev": true
    },
    "three": {
      "version": "0.130.1",
      "resolved": "https://registry.npmjs.org/three/-/three-0.130.1.tgz",
      "integrity": "sha512-OSPPKcGvFSiGkG3jFrwwC76PBV/ZSrGxpBbg28bW8s9GU8r/y2spNGtEXHEb/CVqo0Ctf5Lx2rVaxQZB6OasaA==",
      "dev": true
    }
  }
}
